
Microsoft Visual Studio Solution File, Format Version 12.00
# Visual Studio Version 16
VisualStudioVersion = 16.0.30503.244
MinimumVisualStudioVersion = 10.0.40219.1
Project("{FAE04EC0-301F-11D3-BF4B-00C04F79EFBC}") = "Comp2139-Assignment1", "Comp2139-Assignment1\Comp2139-Assignment1.csproj", "{3FB04347-F4A9-481E-BB97-A0D9EC6924D5}"
EndProject
Global
	GlobalSection(SolutionConfigurationPlatforms) = preSolution
		Debug|Any CPU = Debug|Any CPU
		Release|Any CPU = Release|Any CPU
	EndGlobalSection
	GlobalSection(ProjectConfigurationPlatforms) = postSolution
		{3FB04347-F4A9-481E-BB97-A0D9EC6924D5}.Debug|Any CPU.ActiveCfg = Debug|Any CPU
		{3FB04347-F4A9-481E-BB97-A0D9EC6924D5}.Debug|Any CPU.Build.0 = Debug|Any CPU
		{3FB04347-F4A9-481E-BB97-A0D9EC6924D5}.Release|Any CPU.ActiveCfg = Release|Any CPU
		{3FB04347-F4A9-481E-BB97-A0D9EC6924D5}.Release|Any CPU.Build.0 = Release|Any CPU
	EndGlobalSection
	GlobalSection(SolutionProperties) = preSolution
		HideSolutionNode = FALSE
	EndGlobalSection
	GlobalSection(ExtensibilityGlobals) = postSolution
		SolutionGuid = {F69BA9FC-05F7-4313-80E7-E0DA6FBFCCFA}
	EndGlobalSection
EndGlobal
